
Microsoft Visual Studio Solution File, Format Version 12.00
# Visual Studio Version 17
VisualStudioVersion = 17.3.32825.248
MinimumVisualStudioVersion = 10.0.40219.1
Project("{8BC9CEB8-8B4A-11D0-8D11-00A0C91BC942}") = "year.c", "year.c\year.c.vcxproj", "{B404A8C7-E3AF-4CB1-B886-8ECF8387803C}"
EndProject
Global
	GlobalSection(SolutionConfigurationPlatforms) = preSolution
		Debug|x64 = Debug|x64
		Debug|x86 = Debug|x86
		Release|x64 = Release|x64
		Release|x86 = Release|x86
	EndGlobalSection
	GlobalSection(ProjectConfigurationPlatforms) = postSolution
		{B404A8C7-E3AF-4CB1-B886-8ECF8387803C}.Debug|x64.ActiveCfg = Debug|x64
		{B404A8C7-E3AF-4CB1-B886-8ECF8387803C}.Debug|x64.Build.0 = Debug|x64
		{B404A8C7-E3AF-4CB1-B886-8ECF8387803C}.Debug|x86.ActiveCfg = Debug|Win32
		{B404A8C7-E3AF-4CB1-B886-8ECF8387803C}.Debug|x86.Build.0 = Debug|Win32
		{B404A8C7-E3AF-4CB1-B886-8ECF8387803C}.Release|x64.ActiveCfg = Release|x64
		{B404A8C7-E3AF-4CB1-B886-8ECF8387803C}.Release|x64.Build.0 = Release|x64
		{B404A8C7-E3AF-4CB1-B886-8ECF8387803C}.Release|x86.ActiveCfg = Release|Win32
		{B404A8C7-E3AF-4CB1-B886-8ECF8387803C}.Release|x86.Build.0 = Release|Win32
	EndGlobalSection
	GlobalSection(SolutionProperties) = preSolution
		HideSolutionNode = FALSE
	EndGlobalSection
	GlobalSection(ExtensibilityGlobals) = postSolution
		SolutionGuid = {5B6C8C2C-E53D-41E5-BA7D-6BEAB960BAB3}
	EndGlobalSection
EndGlobal
