
Microsoft Visual Studio Solution File, Format Version 12.00
# Visual Studio Version 17
VisualStudioVersion = 17.2.32630.192
MinimumVisualStudioVersion = 10.0.40219.1
Project("{8BC9CEB8-8B4A-11D0-8D11-00A0C91BC942}") = "0819", "0819\0819.vcxproj", "{150A83CB-4BBF-408F-97FB-22C1931C5834}"
EndProject
Global
	GlobalSection(SolutionConfigurationPlatforms) = preSolution
		Debug|x64 = Debug|x64
		Debug|x86 = Debug|x86
		Release|x64 = Release|x64
		Release|x86 = Release|x86
	EndGlobalSection
	GlobalSection(ProjectConfigurationPlatforms) = postSolution
		{150A83CB-4BBF-408F-97FB-22C1931C5834}.Debug|x64.ActiveCfg = Debug|x64
		{150A83CB-4BBF-408F-97FB-22C1931C5834}.Debug|x64.Build.0 = Debug|x64
		{150A83CB-4BBF-408F-97FB-22C1931C5834}.Debug|x86.ActiveCfg = Debug|Win32
		{150A83CB-4BBF-408F-97FB-22C1931C5834}.Debug|x86.Build.0 = Debug|Win32
		{150A83CB-4BBF-408F-97FB-22C1931C5834}.Release|x64.ActiveCfg = Release|x64
		{150A83CB-4BBF-408F-97FB-22C1931C5834}.Release|x64.Build.0 = Release|x64
		{150A83CB-4BBF-408F-97FB-22C1931C5834}.Release|x86.ActiveCfg = Release|Win32
		{150A83CB-4BBF-408F-97FB-22C1931C5834}.Release|x86.Build.0 = Release|Win32
	EndGlobalSection
	GlobalSection(SolutionProperties) = preSolution
		HideSolutionNode = FALSE
	EndGlobalSection
	GlobalSection(ExtensibilityGlobals) = postSolution
		SolutionGuid = {1D0F0C89-7EE9-438A-AD72-1764DF9F84F6}
	EndGlobalSection
EndGlobal
